
Microsoft Visual Studio Solution File, Format Version 12.00
# Visual Studio Version 17
VisualStudioVersion = 17.9.34728.123
MinimumVisualStudioVersion = 10.0.40219.1
Project("{FAE04EC0-301F-11D3-BF4B-00C04F79EFBC}") = "applist reynes", "applist reynes.csproj", "{28DC8F05-8E3D-406F-90EB-9F158AEE8D48}"
EndProject
Global
	GlobalSection(SolutionConfigurationPlatforms) = preSolution
		Debug|Any CPU = Debug|Any CPU
		Release|Any CPU = Release|Any CPU
	EndGlobalSection
	GlobalSection(ProjectConfigurationPlatforms) = postSolution
		{28DC8F05-8E3D-406F-90EB-9F158AEE8D48}.Debug|Any CPU.ActiveCfg = Debug|Any CPU
		{28DC8F05-8E3D-406F-90EB-9F158AEE8D48}.Debug|Any CPU.Build.0 = Debug|Any CPU
		{28DC8F05-8E3D-406F-90EB-9F158AEE8D48}.Release|Any CPU.ActiveCfg = Release|Any CPU
		{28DC8F05-8E3D-406F-90EB-9F158AEE8D48}.Release|Any CPU.Build.0 = Release|Any CPU
	EndGlobalSection
	GlobalSection(SolutionProperties) = preSolution
		HideSolutionNode = FALSE
	EndGlobalSection
	GlobalSection(ExtensibilityGlobals) = postSolution
		SolutionGuid = {1040620C-21C3-4F9A-95ED-B9F6468604D3}
	EndGlobalSection
EndGlobal
